{
  "name": "landing-page",
  "version": "1.0.0",
  "lockfileVersion": 1,
  "requires": true,
  "dependencies": {
    "lord-icon-element": {
      "version": "1.3.0",
      "resolved": "https://registry.npmjs.org/lord-icon-element/-/lord-icon-element-1.3.0.tgz",
      "integrity": "sha512-hTu86hE6U1n9EtLydP/ecX1WmQ1HMG1Lrb7b2Y0S8fbadhIMNGn/Td4yFNwwq/ZeldsnJbZxT1BWEAnPJYsWIA=="
    },
    "lottie-web": {
      "version": "5.7.3",
      "resolved": "https://registry.npmjs.org/lottie-web/-/lottie-web-5.7.3.tgz",
      "integrity": "sha512-ftN4AdiNmtoVpCfN1doiUIUbhOrDSMikH1Yl64/xO5lzQ31AO0+G82bqrCNHIW5Ec2zE/g7y4iz7zBR1YJwDaA=="
    }
  }
}
